// !$*UTF8*$!
{
	archiveVersion = 1;
	classes = {
	};
	objectVersion = 56;
	objects = {

/* Begin PBXBuildFile section */
		7610314C28F0C923006A4FC4 /* AppDelegate.swift in Sources */ = {isa = PBXBuildFile; fileRef = 7610314B28F0C923006A4FC4 /* AppDelegate.swift */; };
		7610314E28F0C923006A4FC4 /* SceneDelegate.swift in Sources */ = {isa = PBXBuildFile; fileRef = 7610314D28F0C923006A4FC4 /* SceneDelegate.swift */; };
		7610315328F0C923006A4FC4 /* Main.storyboard in Resources */ = {isa = PBXBuildFile; fileRef = 7610315128F0C923006A4FC4 /* Main.storyboard */; };
		7610315528F0C925006A4FC4 /* Assets.xcassets in Resources */ = {isa = PBXBuildFile; fileRef = 7610315428F0C925006A4FC4 /* Assets.xcassets */; };
		7610315828F0C925006A4FC4 /* LaunchScreen.storyboard in Resources */ = {isa = PBXBuildFile; fileRef = 7610315628F0C925006A4FC4 /* LaunchScreen.storyboard */; };
		7610316328F0C9D3006A4FC4 /* MainVC.swift in Sources */ = {isa = PBXBuildFile; fileRef = 7610316228F0C9D3006A4FC4 /* MainVC.swift */; };
		7610316528F0CA0D006A4FC4 /* Tela02VC.storyboard in Resources */ = {isa = PBXBuildFile; fileRef = 7610316428F0CA0D006A4FC4 /* Tela02VC.storyboard */; };
		7610316728F0CA1F006A4FC4 /* Tela02VC.swift in Sources */ = {isa = PBXBuildFile; fileRef = 7610316628F0CA1F006A4FC4 /* Tela02VC.swift */; };
/* End PBXBuildFile section */

/* Begin PBXFileReference section */
		7610314828F0C923006A4FC4 /* Navigation-Storyboard-programatic.app */ = {isa = PBXFileReference; explicitFileType = wrapper.application; includeInIndex = 0; path = "Navigation-Storyboard-programatic.app"; sourceTree = BUILT_PRODUCTS_DIR; };
		7610314B28F0C923006A4FC4 /* AppDelegate.swift */ = {isa = PBXFileReference; lastKnownFileType = sourcecode.swift; path = AppDelegate.swift; sourceTree = "<group>"; };
		7610314D28F0C923006A4FC4 /* SceneDelegate.swift */ = {isa = PBXFileReference; lastKnownFileType = sourcecode.swift; path = SceneDelegate.swift; sourceTree = "<group>"; };
		7610315228F0C923006A4FC4 /* Base */ = {isa = PBXFileReference; lastKnownFileType = file.storyboard; name = Base; path = Base.lproj/Main.storyboard; sourceTree = "<group>"; };
		7610315428F0C925006A4FC4 /* Assets.xcassets */ = {isa = PBXFileReference; lastKnownFileType = folder.assetcatalog; path = Assets.xcassets; sourceTree = "<group>"; };
		7610315728F0C925006A4FC4 /* Base */ = {isa = PBXFileReference; lastKnownFileType = file.storyboard; name = Base; path = Base.lproj/LaunchScreen.storyboard; sourceTree = "<group>"; };
		7610315928F0C925006A4FC4 /* Info.plist */ = {isa = PBXFileReference; lastKnownFileType = text.plist.xml; path = Info.plist; sourceTree = "<group>"; };
		7610316228F0C9D3006A4FC4 /* MainVC.swift */ = {isa = PBXFileReference; lastKnownFileType = sourcecode.swift; path = MainVC.swift; sourceTree = "<group>"; };
		7610316428F0CA0D006A4FC4 /* Tela02VC.storyboard */ = {isa = PBXFileReference; lastKnownFileType = file.storyboard; path = Tela02VC.storyboard; sourceTree = "<group>"; };
		7610316628F0CA1F006A4FC4 /* Tela02VC.swift */ = {isa = PBXFileReference; lastKnownFileType = sourcecode.swift; path = Tela02VC.swift; sourceTree = "<group>"; };
/* End PBXFileReference section */

/* Begin PBXFrameworksBuildPhase section */
		7610314528F0C923006A4FC4 /* Frameworks */ = {
			isa = PBXFrameworksBuildPhase;
			buildActionMask = 2147483647;
			files = (
			);
			runOnlyForDeploymentPostprocessing = 0;
		};
/* End PBXFrameworksBuildPhase section */

/* Begin PBXGroup section */
		7610313F28F0C923006A4FC4 = {
			isa = PBXGroup;
			children = (
				7610314A28F0C923006A4FC4 /* Navigation-Storyboard-programatic */,
				7610314928F0C923006A4FC4 /* Products */,
			);
			sourceTree = "<group>";
		};
		7610314928F0C923006A4FC4 /* Products */ = {
			isa = PBXGroup;
			children = (
				7610314828F0C923006A4FC4 /* Navigation-Storyboard-programatic.app */,
			);
			name = Products;
			sourceTree = "<group>";
		};
		7610314A28F0C923006A4FC4 /* Navigation-Storyboard-programatic */ = {
			isa = PBXGroup;
			children = (
				7610314B28F0C923006A4FC4 /* AppDelegate.swift */,
				7610314D28F0C923006A4FC4 /* SceneDelegate.swift */,
				7610315428F0C925006A4FC4 /* Assets.xcassets */,
				7610315628F0C925006A4FC4 /* LaunchScreen.storyboard */,
				7610315928F0C925006A4FC4 /* Info.plist */,
				7610315F28F0C968006A4FC4 /* Main */,
			);
			path = "Navigation-Storyboard-programatic";
			sourceTree = "<group>";
		};
		7610315F28F0C968006A4FC4 /* Main */ = {
			isa = PBXGroup;
			children = (
				7610315128F0C923006A4FC4 /* Main.storyboard */,
				7610316228F0C9D3006A4FC4 /* MainVC.swift */,
				7610316428F0CA0D006A4FC4 /* Tela02VC.storyboard */,
				7610316628F0CA1F006A4FC4 /* Tela02VC.swift */,
			);
			path = Main;
			sourceTree = "<group>";
		};
/* End PBXGroup section */

/* Begin PBXNativeTarget section */
		7610314728F0C923006A4FC4 /* Navigation-Storyboard-programatic */ = {
			isa = PBXNativeTarget;
			buildConfigurationList = 7610315C28F0C925006A4FC4 /* Build configuration list for PBXNativeTarget "Navigation-Storyboard-programatic" */;
			buildPhases = (
				7610314428F0C923006A4FC4 /* Sources */,
				7610314528F0C923006A4FC4 /* Frameworks */,
				7610314628F0C923006A4FC4 /* Resources */,
			);
			buildRules = (
			);
			dependencies = (
			);
			name = "Navigation-Storyboard-programatic";
			productName = "Navigation-Storyboard-programatic";
			productReference = 7610314828F0C923006A4FC4 /* Navigation-Storyboard-programatic.app */;
			productType = "com.apple.product-type.application";
		};
/* End PBXNativeTarget section */

/* Begin PBXProject section */
		7610314028F0C923006A4FC4 /* Project object */ = {
			isa = PBXProject;
			attributes = {
				BuildIndependentTargetsInParallel = 1;
				LastSwiftUpdateCheck = 1400;
				LastUpgradeCheck = 1400;
				TargetAttributes = {
					7610314728F0C923006A4FC4 = {
						CreatedOnToolsVersion = 14.0.1;
					};
				};
			};
			buildConfigurationList = 7610314328F0C923006A4FC4 /* Build configuration list for PBXProject "Navigation-Storyboard-programatic" */;
			compatibilityVersion = "Xcode 14.0";
			developmentRegion = en;
			hasScannedForEncodings = 0;
			knownRegions = (
				en,
				Base,
			);
			mainGroup = 7610313F28F0C923006A4FC4;
			productRefGroup = 7610314928F0C923006A4FC4 /* Products */;
			projectDirPath = "";
			projectRoot = "";
			targets = (
				7610314728F0C923006A4FC4 /* Navigation-Storyboard-programatic */,
			);
		};
/* End PBXProject section */

/* Begin PBXResourcesBuildPhase section */
		7610314628F0C923006A4FC4 /* Resources */ = {
			isa = PBXResourcesBuildPhase;
			buildActionMask = 2147483647;
			files = (
				7610315828F0C925006A4FC4 /* LaunchScreen.storyboard in Resources */,
				7610315528F0C925006A4FC4 /* Assets.xcassets in Resources */,
				7610315328F0C923006A4FC4 /* Main.storyboard in Resources */,
				7610316528F0CA0D006A4FC4 /* Tela02VC.storyboard in Resources */,
			);
			runOnlyForDeploymentPostprocessing = 0;
		};
/* End PBXResourcesBuildPhase section */

/* Begin PBXSourcesBuildPhase section */
		7610314428F0C923006A4FC4 /* Sources */ = {
			isa = PBXSourcesBuildPhase;
			buildActionMask = 2147483647;
			files = (
				7610314C28F0C923006A4FC4 /* AppDelegate.swift in Sources */,
				7610316328F0C9D3006A4FC4 /* MainVC.swift in Sources */,
				7610316728F0CA1F006A4FC4 /* Tela02VC.swift in Sources */,
				7610314E28F0C923006A4FC4 /* SceneDelegate.swift in Sources */,
			);
			runOnlyForDeploymentPostprocessing = 0;
		};
/* End PBXSourcesBuildPhase section */

/* Begin PBXVariantGroup section */
		7610315128F0C923006A4FC4 /* Main.storyboard */ = {
			isa = PBXVariantGroup;
			children = (
				7610315228F0C923006A4FC4 /* Base */,
			);
			name = Main.storyboard;
			sourceTree = "<group>";
		};
		7610315628F0C925006A4FC4 /* LaunchScreen.storyboard */ = {
			isa = PBXVariantGroup;
			children = (
				7610315728F0C925006A4FC4 /* Base */,
			);
			name = LaunchScreen.storyboard;
			sourceTree = "<group>";
		};
/* End PBXVariantGroup section */

/* Begin XCBuildConfiguration section */
		7610315A28F0C925006A4FC4 /* Debug */ = {
			isa = XCBuildConfiguration;
			buildSettings = {
				ALWAYS_SEARCH_USER_PATHS = NO;
				CLANG_ANALYZER_NONNULL = YES;
				CLANG_ANALYZER_NUMBER_OBJECT_CONVERSION = YES_AGGRESSIVE;
				CLANG_CXX_LANGUAGE_STANDARD = "gnu++20";
				CLANG_ENABLE_MODULES = YES;
				CLANG_ENABLE_OBJC_ARC = YES;
				CLANG_ENABLE_OBJC_WEAK = YES;
				CLANG_WARN_BLOCK_CAPTURE_AUTORELEASING = YES;
				CLANG_WARN_BOOL_CONVERSION = YES;
				CLANG_WARN_COMMA = YES;
				CLANG_WARN_CONSTANT_CONVERSION = YES;
				CLANG_WARN_DEPRECATED_OBJC_IMPLEMENTATIONS = YES;
				CLANG_WARN_DIRECT_OBJC_ISA_USAGE = YES_ERROR;
				CLANG_WARN_DOCUMENTATION_COMMENTS = YES;
				CLANG_WARN_EMPTY_BODY = YES;
				CLANG_WARN_ENUM_CONVERSION = YES;
				CLANG_WARN_INFINITE_RECURSION = YES;
				CLANG_WARN_INT_CONVERSION = YES;
				CLANG_WARN_NON_LITERAL_NULL_CONVERSION = YES;
				CLANG_WARN_OBJC_IMPLICIT_RETAIN_SELF = YES;
				CLANG_WARN_OBJC_LITERAL_CONVERSION = YES;
				CLANG_WARN_OBJC_ROOT_CLASS = YES_ERROR;
				CLANG_WARN_QUOTED_INCLUDE_IN_FRAMEWORK_HEADER = YES;
				CLANG_WARN_RANGE_LOOP_ANALYSIS = YES;
				CLANG_WARN_STRICT_PROTOTYPES = YES;
				CLANG_WARN_SUSPICIOUS_MOVE = YES;
				CLANG_WARN_UNGUARDED_AVAILABILITY = YES_AGGRESSIVE;
				CLANG_WARN_UNREACHABLE_CODE = YES;
				CLANG_WARN__DUPLICATE_METHOD_MATCH = YES;
				COPY_PHASE_STRIP = NO;
				DEBUG_INFORMATION_FORMAT = dwarf;
				ENABLE_STRICT_OBJC_MSGSEND = YES;
				ENABLE_TESTABILITY = YES;
				GCC_C_LANGUAGE_STANDARD = gnu11;
				GCC_DYNAMIC_NO_PIC = NO;
				GCC_NO_COMMON_BLOCKS = YES;
				GCC_OPTIMIZATION_LEVEL = 0;
				GCC_PREPROCESSOR_DEFINITIONS = (
					"DEBUG=1",
					"$(inherited)",
				);
				GCC_WARN_64_TO_32_BIT_CONVERSION = YES;
				GCC_WARN_ABOUT_RETURN_TYPE = YES_ERROR;
				GCC_WARN_UNDECLARED_SELECTOR = YES;
				GCC_WARN_UNINITIALIZED_AUTOS = YES_AGGRESSIVE;
				GCC_WARN_UNUSED_FUNCTION = YES;
				GCC_WARN_UNUSED_VARIABLE = YES;
				IPHONEOS_DEPLOYMENT_TARGET = 16.0;
				MTL_ENABLE_DEBUG_INFO = INCLUDE_SOURCE;
				MTL_FAST_MATH = YES;
				ONLY_ACTIVE_ARCH = YES;
				SDKROOT = iphoneos;
				SWIFT_ACTIVE_COMPILATION_CONDITIONS = DEBUG;
				SWIFT_OPTIMIZATION_LEVEL = "-Onone";
			};
			name = Debug;
		};
		7610315B28F0C925006A4FC4 /* Release */ = {
			isa = XCBuildConfiguration;
			buildSettings = {
				ALWAYS_SEARCH_USER_PATHS = NO;
				CLANG_ANALYZER_NONNULL = YES;
				CLANG_ANALYZER_NUMBER_OBJECT_CONVERSION = YES_AGGRESSIVE;
				CLANG_CXX_LANGUAGE_STANDARD = "gnu++20";
				CLANG_ENABLE_MODULES = YES;
				CLANG_ENABLE_OBJC_ARC = YES;
				CLANG_ENABLE_OBJC_WEAK = YES;
				CLANG_WARN_BLOCK_CAPTURE_AUTORELEASING = YES;
				CLANG_WARN_BOOL_CONVERSION = YES;
				CLANG_WARN_COMMA = YES;
				CLANG_WARN_CONSTANT_CONVERSION = YES;
				CLANG_WARN_DEPRECATED_OBJC_IMPLEMENTATIONS = YES;
				CLANG_WARN_DIRECT_OBJC_ISA_USAGE = YES_ERROR;
				CLANG_WARN_DOCUMENTATION_COMMENTS = YES;
				CLANG_WARN_EMPTY_BODY = YES;
				CLANG_WARN_ENUM_CONVERSION = YES;
				CLANG_WARN_INFINITE_RECURSION = YES;
				CLANG_WARN_INT_CONVERSION = YES;
				CLANG_WARN_NON_LITERAL_NULL_CONVERSION = YES;
				CLANG_WARN_OBJC_IMPLICIT_RETAIN_SELF = YES;
				CLANG_WARN_OBJC_LITERAL_CONVERSION = YES;
				CLANG_WARN_OBJC_ROOT_CLASS = YES_ERROR;
				CLANG_WARN_QUOTED_INCLUDE_IN_FRAMEWORK_HEADER = YES;
				CLANG_WARN_RANGE_LOOP_ANALYSIS = YES;
				CLANG_WARN_STRICT_PROTOTYPES = YES;
				CLANG_WARN_SUSPICIOUS_MOVE = YES;
				CLANG_WARN_UNGUARDED_AVAILABILITY = YES_AGGRESSIVE;
				CLANG_WARN_UNREACHABLE_CODE = YES;
				CLANG_WARN__DUPLICATE_METHOD_MATCH = YES;
				COPY_PHASE_STRIP = NO;
				DEBUG_INFORMATION_FORMAT = "dwarf-with-dsym";
				ENABLE_NS_ASSERTIONS = NO;
				ENABLE_STRICT_OBJC_MSGSEND = YES;
				GCC_C_LANGUAGE_STANDARD = gnu11;
				GCC_NO_COMMON_BLOCKS = YES;
				GCC_WARN_64_TO_32_BIT_CONVERSION = YES;
				GCC_WARN_ABOUT_RETURN_TYPE = YES_ERROR;
				GCC_WARN_UNDECLARED_SELECTOR = YES;
				GCC_WARN_UNINITIALIZED_AUTOS = YES_AGGRESSIVE;
				GCC_WARN_UNUSED_FUNCTION = YES;
				GCC_WARN_UNUSED_VARIABLE = YES;
				IPHONEOS_DEPLOYMENT_TARGET = 16.0;
				MTL_ENABLE_DEBUG_INFO = NO;
				MTL_FAST_MATH = YES;
				SDKROOT = iphoneos;
				SWIFT_COMPILATION_MODE = wholemodule;
				SWIFT_OPTIMIZATION_LEVEL = "-O";
				VALIDATE_PRODUCT = YES;
			};
			name = Release;
		};
		7610315D28F0C925006A4FC4 /* Debug */ = {
			isa = XCBuildConfiguration;
			buildSettings = {
				ASSETCATALOG_COMPILER_APPICON_NAME = AppIcon;
				ASSETCATALOG_COMPILER_GLOBAL_ACCENT_COLOR_NAME = AccentColor;
				CODE_SIGN_STYLE = Automatic;
				CURRENT_PROJECT_VERSION = 1;
				DEVELOPMENT_TEAM = B4R97N34U3;
				GENERATE_INFOPLIST_FILE = YES;
				INFOPLIST_FILE = "Navigation-Storyboard-programatic/Info.plist";
				INFOPLIST_KEY_UIApplicationSupportsIndirectInputEvents = YES;
				INFOPLIST_KEY_UILaunchStoryboardName = LaunchScreen;
				INFOPLIST_KEY_UIMainStoryboardFile = Main;
				INFOPLIST_KEY_UISupportedInterfaceOrientations_iPad = "UIInterfaceOrientationPortrait UIInterfaceOrientationPortraitUpsideDown UIInterfaceOrientationLandscapeLeft UIInterfaceOrientationLandscapeRight";
				INFOPLIST_KEY_UISupportedInterfaceOrientations_iPhone = "UIInterfaceOrientationPortrait UIInterfaceOrientationLandscapeLeft UIInterfaceOrientationLandscapeRight";
				LD_RUNPATH_SEARCH_PATHS = (
					"$(inherited)",
					"@executable_path/Frameworks",
				);
				MARKETING_VERSION = 1.0;
				PRODUCT_BUNDLE_IDENTIFIER = "com.a1.Navigation-Storyboard-programatic";
				PRODUCT_NAME = "$(TARGET_NAME)";
				SWIFT_EMIT_LOC_STRINGS = YES;
				SWIFT_VERSION = 5.0;
				TARGETED_DEVICE_FAMILY = "1,2";
			};
			name = Debug;
		};
		7610315E28F0C925006A4FC4 /* Release */ = {
			isa = XCBuildConfiguration;
			buildSettings = {
				ASSETCATALOG_COMPILER_APPICON_NAME = AppIcon;
				ASSETCATALOG_COMPILER_GLOBAL_ACCENT_COLOR_NAME = AccentColor;
				CODE_SIGN_STYLE = Automatic;
				CURRENT_PROJECT_VERSION = 1;
				DEVELOPMENT_TEAM = B4R97N34U3;
				GENERATE_INFOPLIST_FILE = YES;
				INFOPLIST_FILE = "Navigation-Storyboard-programatic/Info.plist";
				INFOPLIST_KEY_UIApplicationSupportsIndirectInputEvents = YES;
				INFOPLIST_KEY_UILaunchStoryboardName = LaunchScreen;
				INFOPLIST_KEY_UIMainStoryboardFile = Main;
				INFOPLIST_KEY_UISupportedInterfaceOrientations_iPad = "UIInterfaceOrientationPortrait UIInterfaceOrientationPortraitUpsideDown UIInterfaceOrientationLandscapeLeft UIInterfaceOrientationLandscapeRight";
				INFOPLIST_KEY_UISupportedInterfaceOrientations_iPhone = "UIInterfaceOrientationPortrait UIInterfaceOrientationLandscapeLeft UIInterfaceOrientationLandscapeRight";
				LD_RUNPATH_SEARCH_PATHS = (
					"$(inherited)",
					"@executable_path/Frameworks",
				);
				MARKETING_VERSION = 1.0;
				PRODUCT_BUNDLE_IDENTIFIER = "com.a1.Navigation-Storyboard-programatic";
				PRODUCT_NAME = "$(TARGET_NAME)";
				SWIFT_EMIT_LOC_STRINGS = YES;
				SWIFT_VERSION = 5.0;
				TARGETED_DEVICE_FAMILY = "1,2";
			};
			name = Release;
		};
/* End XCBuildConfiguration section */

/* Begin XCConfigurationList section */
		7610314328F0C923006A4FC4 /* Build configuration list for PBXProject "Navigation-Storyboard-programatic" */ = {
			isa = XCConfigurationList;
			buildConfigurations = (
				7610315A28F0C925006A4FC4 /* Debug */,
				7610315B28F0C925006A4FC4 /* Release */,
			);
			defaultConfigurationIsVisible = 0;
			defaultConfigurationName = Release;
		};
		7610315C28F0C925006A4FC4 /* Build configuration list for PBXNativeTarget "Navigation-Storyboard-programatic" */ = {
			isa = XCConfigurationList;
			buildConfigurations = (
				7610315D28F0C925006A4FC4 /* Debug */,
				7610315E28F0C925006A4FC4 /* Release */,
			);
			defaultConfigurationIsVisible = 0;
			defaultConfigurationName = Release;
		};
/* End XCConfigurationList section */
	};
	rootObject = 7610314028F0C923006A4FC4 /* Project object */;
}
