// !$*UTF8*$!
{
	archiveVersion = 1;
	classes = {
	};
	objectVersion = 56;
	objects = {

/* Begin PBXBuildFile section */
		764BAF6F2919C56B00E6DD89 /* AppDelegate.swift in Sources */ = {isa = PBXBuildFile; fileRef = 764BAF6E2919C56B00E6DD89 /* AppDelegate.swift */; };
		764BAF712919C56B00E6DD89 /* SceneDelegate.swift in Sources */ = {isa = PBXBuildFile; fileRef = 764BAF702919C56B00E6DD89 /* SceneDelegate.swift */; };
		764BAF732919C56B00E6DD89 /* ViewController.swift in Sources */ = {isa = PBXBuildFile; fileRef = 764BAF722919C56B00E6DD89 /* ViewController.swift */; };
		764BAF762919C56B00E6DD89 /* Main.storyboard in Resources */ = {isa = PBXBuildFile; fileRef = 764BAF742919C56B00E6DD89 /* Main.storyboard */; };
		764BAF782919C56B00E6DD89 /* Assets.xcassets in Resources */ = {isa = PBXBuildFile; fileRef = 764BAF772919C56B00E6DD89 /* Assets.xcassets */; };
		764BAF7B2919C56B00E6DD89 /* LaunchScreen.storyboard in Resources */ = {isa = PBXBuildFile; fileRef = 764BAF792919C56B00E6DD89 /* LaunchScreen.storyboard */; };
/* End PBXBuildFile section */

/* Begin PBXFileReference section */
		764BAF6B2919C56B00E6DD89 /* PrimeiroProjetoCollectionView.app */ = {isa = PBXFileReference; explicitFileType = wrapper.application; includeInIndex = 0; path = PrimeiroProjetoCollectionView.app; sourceTree = BUILT_PRODUCTS_DIR; };
		764BAF6E2919C56B00E6DD89 /* AppDelegate.swift */ = {isa = PBXFileReference; lastKnownFileType = sourcecode.swift; path = AppDelegate.swift; sourceTree = "<group>"; };
		764BAF702919C56B00E6DD89 /* SceneDelegate.swift */ = {isa = PBXFileReference; lastKnownFileType = sourcecode.swift; path = SceneDelegate.swift; sourceTree = "<group>"; };
		764BAF722919C56B00E6DD89 /* ViewController.swift */ = {isa = PBXFileReference; lastKnownFileType = sourcecode.swift; path = ViewController.swift; sourceTree = "<group>"; };
		764BAF752919C56B00E6DD89 /* Base */ = {isa = PBXFileReference; lastKnownFileType = file.storyboard; name = Base; path = Base.lproj/Main.storyboard; sourceTree = "<group>"; };
		764BAF772919C56B00E6DD89 /* Assets.xcassets */ = {isa = PBXFileReference; lastKnownFileType = folder.assetcatalog; path = Assets.xcassets; sourceTree = "<group>"; };
		764BAF7A2919C56B00E6DD89 /* Base */ = {isa = PBXFileReference; lastKnownFileType = file.storyboard; name = Base; path = Base.lproj/LaunchScreen.storyboard; sourceTree = "<group>"; };
		764BAF7C2919C56B00E6DD89 /* Info.plist */ = {isa = PBXFileReference; lastKnownFileType = text.plist.xml; path = Info.plist; sourceTree = "<group>"; };
/* End PBXFileReference section */

/* Begin PBXFrameworksBuildPhase section */
		764BAF682919C56B00E6DD89 /* Frameworks */ = {
			isa = PBXFrameworksBuildPhase;
			buildActionMask = 2147483647;
			files = (
			);
			runOnlyForDeploymentPostprocessing = 0;
		};
/* End PBXFrameworksBuildPhase section */

/* Begin PBXGroup section */
		764BAF622919C56A00E6DD89 = {
			isa = PBXGroup;
			children = (
				764BAF6D2919C56B00E6DD89 /* PrimeiroProjetoCollectionView */,
				764BAF6C2919C56B00E6DD89 /* Products */,
			);
			sourceTree = "<group>";
		};
		764BAF6C2919C56B00E6DD89 /* Products */ = {
			isa = PBXGroup;
			children = (
				764BAF6B2919C56B00E6DD89 /* PrimeiroProjetoCollectionView.app */,
			);
			name = Products;
			sourceTree = "<group>";
		};
		764BAF6D2919C56B00E6DD89 /* PrimeiroProjetoCollectionView */ = {
			isa = PBXGroup;
			children = (
				764BAF6E2919C56B00E6DD89 /* AppDelegate.swift */,
				764BAF702919C56B00E6DD89 /* SceneDelegate.swift */,
				764BAF722919C56B00E6DD89 /* ViewController.swift */,
				764BAF742919C56B00E6DD89 /* Main.storyboard */,
				764BAF772919C56B00E6DD89 /* Assets.xcassets */,
				764BAF792919C56B00E6DD89 /* LaunchScreen.storyboard */,
				764BAF7C2919C56B00E6DD89 /* Info.plist */,
			);
			path = PrimeiroProjetoCollectionView;
			sourceTree = "<group>";
		};
/* End PBXGroup section */

/* Begin PBXNativeTarget section */
		764BAF6A2919C56B00E6DD89 /* PrimeiroProjetoCollectionView */ = {
			isa = PBXNativeTarget;
			buildConfigurationList = 764BAF7F2919C56B00E6DD89 /* Build configuration list for PBXNativeTarget "PrimeiroProjetoCollectionView" */;
			buildPhases = (
				764BAF672919C56B00E6DD89 /* Sources */,
				764BAF682919C56B00E6DD89 /* Frameworks */,
				764BAF692919C56B00E6DD89 /* Resources */,
			);
			buildRules = (
			);
			dependencies = (
			);
			name = PrimeiroProjetoCollectionView;
			productName = PrimeiroProjetoCollectionView;
			productReference = 764BAF6B2919C56B00E6DD89 /* PrimeiroProjetoCollectionView.app */;
			productType = "com.apple.product-type.application";
		};
/* End PBXNativeTarget section */

/* Begin PBXProject section */
		764BAF632919C56A00E6DD89 /* Project object */ = {
			isa = PBXProject;
			attributes = {
				BuildIndependentTargetsInParallel = 1;
				LastSwiftUpdateCheck = 1410;
				LastUpgradeCheck = 1410;
				TargetAttributes = {
					764BAF6A2919C56B00E6DD89 = {
						CreatedOnToolsVersion = 14.1;
					};
				};
			};
			buildConfigurationList = 764BAF662919C56A00E6DD89 /* Build configuration list for PBXProject "PrimeiroProjetoCollectionView" */;
			compatibilityVersion = "Xcode 14.0";
			developmentRegion = en;
			hasScannedForEncodings = 0;
			knownRegions = (
				en,
				Base,
			);
			mainGroup = 764BAF622919C56A00E6DD89;
			productRefGroup = 764BAF6C2919C56B00E6DD89 /* Products */;
			projectDirPath = "";
			projectRoot = "";
			targets = (
				764BAF6A2919C56B00E6DD89 /* PrimeiroProjetoCollectionView */,
			);
		};
/* End PBXProject section */

/* Begin PBXResourcesBuildPhase section */
		764BAF692919C56B00E6DD89 /* Resources */ = {
			isa = PBXResourcesBuildPhase;
			buildActionMask = 2147483647;
			files = (
				764BAF7B2919C56B00E6DD89 /* LaunchScreen.storyboard in Resources */,
				764BAF782919C56B00E6DD89 /* Assets.xcassets in Resources */,
				764BAF762919C56B00E6DD89 /* Main.storyboard in Resources */,
			);
			runOnlyForDeploymentPostprocessing = 0;
		};
/* End PBXResourcesBuildPhase section */

/* Begin PBXSourcesBuildPhase section */
		764BAF672919C56B00E6DD89 /* Sources */ = {
			isa = PBXSourcesBuildPhase;
			buildActionMask = 2147483647;
			files = (
				764BAF732919C56B00E6DD89 /* ViewController.swift in Sources */,
				764BAF6F2919C56B00E6DD89 /* AppDelegate.swift in Sources */,
				764BAF712919C56B00E6DD89 /* SceneDelegate.swift in Sources */,
			);
			runOnlyForDeploymentPostprocessing = 0;
		};
/* End PBXSourcesBuildPhase section */

/* Begin PBXVariantGroup section */
		764BAF742919C56B00E6DD89 /* Main.storyboard */ = {
			isa = PBXVariantGroup;
			children = (
				764BAF752919C56B00E6DD89 /* Base */,
			);
			name = Main.storyboard;
			sourceTree = "<group>";
		};
		764BAF792919C56B00E6DD89 /* LaunchScreen.storyboard */ = {
			isa = PBXVariantGroup;
			children = (
				764BAF7A2919C56B00E6DD89 /* Base */,
			);
			name = LaunchScreen.storyboard;
			sourceTree = "<group>";
		};
/* End PBXVariantGroup section */

/* Begin XCBuildConfiguration section */
		764BAF7D2919C56B00E6DD89 /* Debug */ = {
			isa = XCBuildConfiguration;
			buildSettings = {
				ALWAYS_SEARCH_USER_PATHS = NO;
				CLANG_ANALYZER_NONNULL = YES;
				CLANG_ANALYZER_NUMBER_OBJECT_CONVERSION = YES_AGGRESSIVE;
				CLANG_CXX_LANGUAGE_STANDARD = "gnu++20";
				CLANG_ENABLE_MODULES = YES;
				CLANG_ENABLE_OBJC_ARC = YES;
				CLANG_ENABLE_OBJC_WEAK = YES;
				CLANG_WARN_BLOCK_CAPTURE_AUTORELEASING = YES;
				CLANG_WARN_BOOL_CONVERSION = YES;
				CLANG_WARN_COMMA = YES;
				CLANG_WARN_CONSTANT_CONVERSION = YES;
				CLANG_WARN_DEPRECATED_OBJC_IMPLEMENTATIONS = YES;
				CLANG_WARN_DIRECT_OBJC_ISA_USAGE = YES_ERROR;
				CLANG_WARN_DOCUMENTATION_COMMENTS = YES;
				CLANG_WARN_EMPTY_BODY = YES;
				CLANG_WARN_ENUM_CONVERSION = YES;
				CLANG_WARN_INFINITE_RECURSION = YES;
				CLANG_WARN_INT_CONVERSION = YES;
				CLANG_WARN_NON_LITERAL_NULL_CONVERSION = YES;
				CLANG_WARN_OBJC_IMPLICIT_RETAIN_SELF = YES;
				CLANG_WARN_OBJC_LITERAL_CONVERSION = YES;
				CLANG_WARN_OBJC_ROOT_CLASS = YES_ERROR;
				CLANG_WARN_QUOTED_INCLUDE_IN_FRAMEWORK_HEADER = YES;
				CLANG_WARN_RANGE_LOOP_ANALYSIS = YES;
				CLANG_WARN_STRICT_PROTOTYPES = YES;
				CLANG_WARN_SUSPICIOUS_MOVE = YES;
				CLANG_WARN_UNGUARDED_AVAILABILITY = YES_AGGRESSIVE;
				CLANG_WARN_UNREACHABLE_CODE = YES;
				CLANG_WARN__DUPLICATE_METHOD_MATCH = YES;
				COPY_PHASE_STRIP = NO;
				DEBUG_INFORMATION_FORMAT = dwarf;
				ENABLE_STRICT_OBJC_MSGSEND = YES;
				ENABLE_TESTABILITY = YES;
				GCC_C_LANGUAGE_STANDARD = gnu11;
				GCC_DYNAMIC_NO_PIC = NO;
				GCC_NO_COMMON_BLOCKS = YES;
				GCC_OPTIMIZATION_LEVEL = 0;
				GCC_PREPROCESSOR_DEFINITIONS = (
					"DEBUG=1",
					"$(inherited)",
				);
				GCC_WARN_64_TO_32_BIT_CONVERSION = YES;
				GCC_WARN_ABOUT_RETURN_TYPE = YES_ERROR;
				GCC_WARN_UNDECLARED_SELECTOR = YES;
				GCC_WARN_UNINITIALIZED_AUTOS = YES_AGGRESSIVE;
				GCC_WARN_UNUSED_FUNCTION = YES;
				GCC_WARN_UNUSED_VARIABLE = YES;
				IPHONEOS_DEPLOYMENT_TARGET = 16.1;
				MTL_ENABLE_DEBUG_INFO = INCLUDE_SOURCE;
				MTL_FAST_MATH = YES;
				ONLY_ACTIVE_ARCH = YES;
				SDKROOT = iphoneos;
				SWIFT_ACTIVE_COMPILATION_CONDITIONS = DEBUG;
				SWIFT_OPTIMIZATION_LEVEL = "-Onone";
			};
			name = Debug;
		};
		764BAF7E2919C56B00E6DD89 /* Release */ = {
			isa = XCBuildConfiguration;
			buildSettings = {
				ALWAYS_SEARCH_USER_PATHS = NO;
				CLANG_ANALYZER_NONNULL = YES;
				CLANG_ANALYZER_NUMBER_OBJECT_CONVERSION = YES_AGGRESSIVE;
				CLANG_CXX_LANGUAGE_STANDARD = "gnu++20";
				CLANG_ENABLE_MODULES = YES;
				CLANG_ENABLE_OBJC_ARC = YES;
				CLANG_ENABLE_OBJC_WEAK = YES;
				CLANG_WARN_BLOCK_CAPTURE_AUTORELEASING = YES;
				CLANG_WARN_BOOL_CONVERSION = YES;
				CLANG_WARN_COMMA = YES;
				CLANG_WARN_CONSTANT_CONVERSION = YES;
				CLANG_WARN_DEPRECATED_OBJC_IMPLEMENTATIONS = YES;
				CLANG_WARN_DIRECT_OBJC_ISA_USAGE = YES_ERROR;
				CLANG_WARN_DOCUMENTATION_COMMENTS = YES;
				CLANG_WARN_EMPTY_BODY = YES;
				CLANG_WARN_ENUM_CONVERSION = YES;
				CLANG_WARN_INFINITE_RECURSION = YES;
				CLANG_WARN_INT_CONVERSION = YES;
				CLANG_WARN_NON_LITERAL_NULL_CONVERSION = YES;
				CLANG_WARN_OBJC_IMPLICIT_RETAIN_SELF = YES;
				CLANG_WARN_OBJC_LITERAL_CONVERSION = YES;
				CLANG_WARN_OBJC_ROOT_CLASS = YES_ERROR;
				CLANG_WARN_QUOTED_INCLUDE_IN_FRAMEWORK_HEADER = YES;
				CLANG_WARN_RANGE_LOOP_ANALYSIS = YES;
				CLANG_WARN_STRICT_PROTOTYPES = YES;
				CLANG_WARN_SUSPICIOUS_MOVE = YES;
				CLANG_WARN_UNGUARDED_AVAILABILITY = YES_AGGRESSIVE;
				CLANG_WARN_UNREACHABLE_CODE = YES;
				CLANG_WARN__DUPLICATE_METHOD_MATCH = YES;
				COPY_PHASE_STRIP = NO;
				DEBUG_INFORMATION_FORMAT = "dwarf-with-dsym";
				ENABLE_NS_ASSERTIONS = NO;
				ENABLE_STRICT_OBJC_MSGSEND = YES;
				GCC_C_LANGUAGE_STANDARD = gnu11;
				GCC_NO_COMMON_BLOCKS = YES;
				GCC_WARN_64_TO_32_BIT_CONVERSION = YES;
				GCC_WARN_ABOUT_RETURN_TYPE = YES_ERROR;
				GCC_WARN_UNDECLARED_SELECTOR = YES;
				GCC_WARN_UNINITIALIZED_AUTOS = YES_AGGRESSIVE;
				GCC_WARN_UNUSED_FUNCTION = YES;
				GCC_WARN_UNUSED_VARIABLE = YES;
				IPHONEOS_DEPLOYMENT_TARGET = 16.1;
				MTL_ENABLE_DEBUG_INFO = NO;
				MTL_FAST_MATH = YES;
				SDKROOT = iphoneos;
				SWIFT_COMPILATION_MODE = wholemodule;
				SWIFT_OPTIMIZATION_LEVEL = "-O";
				VALIDATE_PRODUCT = YES;
			};
			name = Release;
		};
		764BAF802919C56B00E6DD89 /* Debug */ = {
			isa = XCBuildConfiguration;
			buildSettings = {
				ASSETCATALOG_COMPILER_APPICON_NAME = AppIcon;
				ASSETCATALOG_COMPILER_GLOBAL_ACCENT_COLOR_NAME = AccentColor;
				CODE_SIGN_STYLE = Automatic;
				CURRENT_PROJECT_VERSION = 1;
				DEVELOPMENT_TEAM = B4R97N34U3;
				GENERATE_INFOPLIST_FILE = YES;
				INFOPLIST_FILE = PrimeiroProjetoCollectionView/Info.plist;
				INFOPLIST_KEY_UIApplicationSupportsIndirectInputEvents = YES;
				INFOPLIST_KEY_UILaunchStoryboardName = LaunchScreen;
				INFOPLIST_KEY_UIMainStoryboardFile = Main;
				INFOPLIST_KEY_UISupportedInterfaceOrientations_iPad = "UIInterfaceOrientationPortrait UIInterfaceOrientationPortraitUpsideDown UIInterfaceOrientationLandscapeLeft UIInterfaceOrientationLandscapeRight";
				INFOPLIST_KEY_UISupportedInterfaceOrientations_iPhone = "UIInterfaceOrientationPortrait UIInterfaceOrientationLandscapeLeft UIInterfaceOrientationLandscapeRight";
				LD_RUNPATH_SEARCH_PATHS = (
					"$(inherited)",
					"@executable_path/Frameworks",
				);
				MARKETING_VERSION = 1.0;
				PRODUCT_BUNDLE_IDENTIFIER = br.com.a1.PrimeiroProjetoCollectionView;
				PRODUCT_NAME = "$(TARGET_NAME)";
				SWIFT_EMIT_LOC_STRINGS = YES;
				SWIFT_VERSION = 5.0;
				TARGETED_DEVICE_FAMILY = "1,2";
			};
			name = Debug;
		};
		764BAF812919C56B00E6DD89 /* Release */ = {
			isa = XCBuildConfiguration;
			buildSettings = {
				ASSETCATALOG_COMPILER_APPICON_NAME = AppIcon;
				ASSETCATALOG_COMPILER_GLOBAL_ACCENT_COLOR_NAME = AccentColor;
				CODE_SIGN_STYLE = Automatic;
				CURRENT_PROJECT_VERSION = 1;
				DEVELOPMENT_TEAM = B4R97N34U3;
				GENERATE_INFOPLIST_FILE = YES;
				INFOPLIST_FILE = PrimeiroProjetoCollectionView/Info.plist;
				INFOPLIST_KEY_UIApplicationSupportsIndirectInputEvents = YES;
				INFOPLIST_KEY_UILaunchStoryboardName = LaunchScreen;
				INFOPLIST_KEY_UIMainStoryboardFile = Main;
				INFOPLIST_KEY_UISupportedInterfaceOrientations_iPad = "UIInterfaceOrientationPortrait UIInterfaceOrientationPortraitUpsideDown UIInterfaceOrientationLandscapeLeft UIInterfaceOrientationLandscapeRight";
				INFOPLIST_KEY_UISupportedInterfaceOrientations_iPhone = "UIInterfaceOrientationPortrait UIInterfaceOrientationLandscapeLeft UIInterfaceOrientationLandscapeRight";
				LD_RUNPATH_SEARCH_PATHS = (
					"$(inherited)",
					"@executable_path/Frameworks",
				);
				MARKETING_VERSION = 1.0;
				PRODUCT_BUNDLE_IDENTIFIER = br.com.a1.PrimeiroProjetoCollectionView;
				PRODUCT_NAME = "$(TARGET_NAME)";
				SWIFT_EMIT_LOC_STRINGS = YES;
				SWIFT_VERSION = 5.0;
				TARGETED_DEVICE_FAMILY = "1,2";
			};
			name = Release;
		};
/* End XCBuildConfiguration section */

/* Begin XCConfigurationList section */
		764BAF662919C56A00E6DD89 /* Build configuration list for PBXProject "PrimeiroProjetoCollectionView" */ = {
			isa = XCConfigurationList;
			buildConfigurations = (
				764BAF7D2919C56B00E6DD89 /* Debug */,
				764BAF7E2919C56B00E6DD89 /* Release */,
			);
			defaultConfigurationIsVisible = 0;
			defaultConfigurationName = Release;
		};
		764BAF7F2919C56B00E6DD89 /* Build configuration list for PBXNativeTarget "PrimeiroProjetoCollectionView" */ = {
			isa = XCConfigurationList;
			buildConfigurations = (
				764BAF802919C56B00E6DD89 /* Debug */,
				764BAF812919C56B00E6DD89 /* Release */,
			);
			defaultConfigurationIsVisible = 0;
			defaultConfigurationName = Release;
		};
/* End XCConfigurationList section */
	};
	rootObject = 764BAF632919C56A00E6DD89 /* Project object */;
}
