// !$*UTF8*$!
{
	archiveVersion = 1;
	classes = {
	};
	objectVersion = 56;
	objects = {

/* Begin PBXBuildFile section */
		3889CC962930384400DE8505 /* AppDelegate.swift in Sources */ = {isa = PBXBuildFile; fileRef = 3889CC952930384400DE8505 /* AppDelegate.swift */; };
		3889CC982930384400DE8505 /* SceneDelegate.swift in Sources */ = {isa = PBXBuildFile; fileRef = 3889CC972930384400DE8505 /* SceneDelegate.swift */; };
		3889CC9A2930384400DE8505 /* ViewController.swift in Sources */ = {isa = PBXBuildFile; fileRef = 3889CC992930384400DE8505 /* ViewController.swift */; };
		3889CC9D2930384400DE8505 /* Main.storyboard in Resources */ = {isa = PBXBuildFile; fileRef = 3889CC9B2930384400DE8505 /* Main.storyboard */; };
		3889CC9F2930384600DE8505 /* Assets.xcassets in Resources */ = {isa = PBXBuildFile; fileRef = 3889CC9E2930384600DE8505 /* Assets.xcassets */; };
		3889CCA22930384600DE8505 /* LaunchScreen.storyboard in Resources */ = {isa = PBXBuildFile; fileRef = 3889CCA02930384600DE8505 /* LaunchScreen.storyboard */; };
		3889CCAC29303A6000DE8505 /* CustomTableViewCell.swift in Sources */ = {isa = PBXBuildFile; fileRef = 3889CCAA29303A6000DE8505 /* CustomTableViewCell.swift */; };
		3889CCAD29303A6000DE8505 /* CustomTableViewCell.xib in Resources */ = {isa = PBXBuildFile; fileRef = 3889CCAB29303A6000DE8505 /* CustomTableViewCell.xib */; };
		3889CCB029303B4F00DE8505 /* Pessoa.swift in Sources */ = {isa = PBXBuildFile; fileRef = 3889CCAF29303B4F00DE8505 /* Pessoa.swift */; };
/* End PBXBuildFile section */

/* Begin PBXFileReference section */
		3889CC922930384400DE8505 /* appRoleta.app */ = {isa = PBXFileReference; explicitFileType = wrapper.application; includeInIndex = 0; path = appRoleta.app; sourceTree = BUILT_PRODUCTS_DIR; };
		3889CC952930384400DE8505 /* AppDelegate.swift */ = {isa = PBXFileReference; lastKnownFileType = sourcecode.swift; path = AppDelegate.swift; sourceTree = "<group>"; };
		3889CC972930384400DE8505 /* SceneDelegate.swift */ = {isa = PBXFileReference; lastKnownFileType = sourcecode.swift; path = SceneDelegate.swift; sourceTree = "<group>"; };
		3889CC992930384400DE8505 /* ViewController.swift */ = {isa = PBXFileReference; lastKnownFileType = sourcecode.swift; path = ViewController.swift; sourceTree = "<group>"; };
		3889CC9C2930384400DE8505 /* Base */ = {isa = PBXFileReference; lastKnownFileType = file.storyboard; name = Base; path = Base.lproj/Main.storyboard; sourceTree = "<group>"; };
		3889CC9E2930384600DE8505 /* Assets.xcassets */ = {isa = PBXFileReference; lastKnownFileType = folder.assetcatalog; path = Assets.xcassets; sourceTree = "<group>"; };
		3889CCA12930384600DE8505 /* Base */ = {isa = PBXFileReference; lastKnownFileType = file.storyboard; name = Base; path = Base.lproj/LaunchScreen.storyboard; sourceTree = "<group>"; };
		3889CCA32930384600DE8505 /* Info.plist */ = {isa = PBXFileReference; lastKnownFileType = text.plist.xml; path = Info.plist; sourceTree = "<group>"; };
		3889CCAA29303A6000DE8505 /* CustomTableViewCell.swift */ = {isa = PBXFileReference; lastKnownFileType = sourcecode.swift; path = CustomTableViewCell.swift; sourceTree = "<group>"; };
		3889CCAB29303A6000DE8505 /* CustomTableViewCell.xib */ = {isa = PBXFileReference; lastKnownFileType = file.xib; path = CustomTableViewCell.xib; sourceTree = "<group>"; };
		3889CCAF29303B4F00DE8505 /* Pessoa.swift */ = {isa = PBXFileReference; lastKnownFileType = sourcecode.swift; path = Pessoa.swift; sourceTree = "<group>"; };
/* End PBXFileReference section */

/* Begin PBXFrameworksBuildPhase section */
		3889CC8F2930384400DE8505 /* Frameworks */ = {
			isa = PBXFrameworksBuildPhase;
			buildActionMask = 2147483647;
			files = (
			);
			runOnlyForDeploymentPostprocessing = 0;
		};
/* End PBXFrameworksBuildPhase section */

/* Begin PBXGroup section */
		3889CC892930384400DE8505 = {
			isa = PBXGroup;
			children = (
				3889CC942930384400DE8505 /* appRoleta */,
				3889CC932930384400DE8505 /* Products */,
			);
			sourceTree = "<group>";
		};
		3889CC932930384400DE8505 /* Products */ = {
			isa = PBXGroup;
			children = (
				3889CC922930384400DE8505 /* appRoleta.app */,
			);
			name = Products;
			sourceTree = "<group>";
		};
		3889CC942930384400DE8505 /* appRoleta */ = {
			isa = PBXGroup;
			children = (
				3889CCAE29303B4300DE8505 /* Model */,
				3889CCA929303A4800DE8505 /* Cell */,
				3889CC952930384400DE8505 /* AppDelegate.swift */,
				3889CC972930384400DE8505 /* SceneDelegate.swift */,
				3889CC992930384400DE8505 /* ViewController.swift */,
				3889CC9B2930384400DE8505 /* Main.storyboard */,
				3889CC9E2930384600DE8505 /* Assets.xcassets */,
				3889CCA02930384600DE8505 /* LaunchScreen.storyboard */,
				3889CCA32930384600DE8505 /* Info.plist */,
			);
			path = appRoleta;
			sourceTree = "<group>";
		};
		3889CCA929303A4800DE8505 /* Cell */ = {
			isa = PBXGroup;
			children = (
				3889CCAA29303A6000DE8505 /* CustomTableViewCell.swift */,
				3889CCAB29303A6000DE8505 /* CustomTableViewCell.xib */,
			);
			path = Cell;
			sourceTree = "<group>";
		};
		3889CCAE29303B4300DE8505 /* Model */ = {
			isa = PBXGroup;
			children = (
				3889CCAF29303B4F00DE8505 /* Pessoa.swift */,
			);
			path = Model;
			sourceTree = "<group>";
		};
/* End PBXGroup section */

/* Begin PBXNativeTarget section */
		3889CC912930384400DE8505 /* appRoleta */ = {
			isa = PBXNativeTarget;
			buildConfigurationList = 3889CCA62930384600DE8505 /* Build configuration list for PBXNativeTarget "appRoleta" */;
			buildPhases = (
				3889CC8E2930384400DE8505 /* Sources */,
				3889CC8F2930384400DE8505 /* Frameworks */,
				3889CC902930384400DE8505 /* Resources */,
			);
			buildRules = (
			);
			dependencies = (
			);
			name = appRoleta;
			productName = appRoleta;
			productReference = 3889CC922930384400DE8505 /* appRoleta.app */;
			productType = "com.apple.product-type.application";
		};
/* End PBXNativeTarget section */

/* Begin PBXProject section */
		3889CC8A2930384400DE8505 /* Project object */ = {
			isa = PBXProject;
			attributes = {
				BuildIndependentTargetsInParallel = 1;
				LastSwiftUpdateCheck = 1410;
				LastUpgradeCheck = 1410;
				TargetAttributes = {
					3889CC912930384400DE8505 = {
						CreatedOnToolsVersion = 14.1;
					};
				};
			};
			buildConfigurationList = 3889CC8D2930384400DE8505 /* Build configuration list for PBXProject "appRoleta" */;
			compatibilityVersion = "Xcode 14.0";
			developmentRegion = en;
			hasScannedForEncodings = 0;
			knownRegions = (
				en,
				Base,
			);
			mainGroup = 3889CC892930384400DE8505;
			productRefGroup = 3889CC932930384400DE8505 /* Products */;
			projectDirPath = "";
			projectRoot = "";
			targets = (
				3889CC912930384400DE8505 /* appRoleta */,
			);
		};
/* End PBXProject section */

/* Begin PBXResourcesBuildPhase section */
		3889CC902930384400DE8505 /* Resources */ = {
			isa = PBXResourcesBuildPhase;
			buildActionMask = 2147483647;
			files = (
				3889CCA22930384600DE8505 /* LaunchScreen.storyboard in Resources */,
				3889CC9F2930384600DE8505 /* Assets.xcassets in Resources */,
				3889CCAD29303A6000DE8505 /* CustomTableViewCell.xib in Resources */,
				3889CC9D2930384400DE8505 /* Main.storyboard in Resources */,
			);
			runOnlyForDeploymentPostprocessing = 0;
		};
/* End PBXResourcesBuildPhase section */

/* Begin PBXSourcesBuildPhase section */
		3889CC8E2930384400DE8505 /* Sources */ = {
			isa = PBXSourcesBuildPhase;
			buildActionMask = 2147483647;
			files = (
				3889CCB029303B4F00DE8505 /* Pessoa.swift in Sources */,
				3889CC9A2930384400DE8505 /* ViewController.swift in Sources */,
				3889CC962930384400DE8505 /* AppDelegate.swift in Sources */,
				3889CCAC29303A6000DE8505 /* CustomTableViewCell.swift in Sources */,
				3889CC982930384400DE8505 /* SceneDelegate.swift in Sources */,
			);
			runOnlyForDeploymentPostprocessing = 0;
		};
/* End PBXSourcesBuildPhase section */

/* Begin PBXVariantGroup section */
		3889CC9B2930384400DE8505 /* Main.storyboard */ = {
			isa = PBXVariantGroup;
			children = (
				3889CC9C2930384400DE8505 /* Base */,
			);
			name = Main.storyboard;
			sourceTree = "<group>";
		};
		3889CCA02930384600DE8505 /* LaunchScreen.storyboard */ = {
			isa = PBXVariantGroup;
			children = (
				3889CCA12930384600DE8505 /* Base */,
			);
			name = LaunchScreen.storyboard;
			sourceTree = "<group>";
		};
/* End PBXVariantGroup section */

/* Begin XCBuildConfiguration section */
		3889CCA42930384600DE8505 /* Debug */ = {
			isa = XCBuildConfiguration;
			buildSettings = {
				ALWAYS_SEARCH_USER_PATHS = NO;
				CLANG_ANALYZER_NONNULL = YES;
				CLANG_ANALYZER_NUMBER_OBJECT_CONVERSION = YES_AGGRESSIVE;
				CLANG_CXX_LANGUAGE_STANDARD = "gnu++20";
				CLANG_ENABLE_MODULES = YES;
				CLANG_ENABLE_OBJC_ARC = YES;
				CLANG_ENABLE_OBJC_WEAK = YES;
				CLANG_WARN_BLOCK_CAPTURE_AUTORELEASING = YES;
				CLANG_WARN_BOOL_CONVERSION = YES;
				CLANG_WARN_COMMA = YES;
				CLANG_WARN_CONSTANT_CONVERSION = YES;
				CLANG_WARN_DEPRECATED_OBJC_IMPLEMENTATIONS = YES;
				CLANG_WARN_DIRECT_OBJC_ISA_USAGE = YES_ERROR;
				CLANG_WARN_DOCUMENTATION_COMMENTS = YES;
				CLANG_WARN_EMPTY_BODY = YES;
				CLANG_WARN_ENUM_CONVERSION = YES;
				CLANG_WARN_INFINITE_RECURSION = YES;
				CLANG_WARN_INT_CONVERSION = YES;
				CLANG_WARN_NON_LITERAL_NULL_CONVERSION = YES;
				CLANG_WARN_OBJC_IMPLICIT_RETAIN_SELF = YES;
				CLANG_WARN_OBJC_LITERAL_CONVERSION = YES;
				CLANG_WARN_OBJC_ROOT_CLASS = YES_ERROR;
				CLANG_WARN_QUOTED_INCLUDE_IN_FRAMEWORK_HEADER = YES;
				CLANG_WARN_RANGE_LOOP_ANALYSIS = YES;
				CLANG_WARN_STRICT_PROTOTYPES = YES;
				CLANG_WARN_SUSPICIOUS_MOVE = YES;
				CLANG_WARN_UNGUARDED_AVAILABILITY = YES_AGGRESSIVE;
				CLANG_WARN_UNREACHABLE_CODE = YES;
				CLANG_WARN__DUPLICATE_METHOD_MATCH = YES;
				COPY_PHASE_STRIP = NO;
				DEBUG_INFORMATION_FORMAT = dwarf;
				ENABLE_STRICT_OBJC_MSGSEND = YES;
				ENABLE_TESTABILITY = YES;
				GCC_C_LANGUAGE_STANDARD = gnu11;
				GCC_DYNAMIC_NO_PIC = NO;
				GCC_NO_COMMON_BLOCKS = YES;
				GCC_OPTIMIZATION_LEVEL = 0;
				GCC_PREPROCESSOR_DEFINITIONS = (
					"DEBUG=1",
					"$(inherited)",
				);
				GCC_WARN_64_TO_32_BIT_CONVERSION = YES;
				GCC_WARN_ABOUT_RETURN_TYPE = YES_ERROR;
				GCC_WARN_UNDECLARED_SELECTOR = YES;
				GCC_WARN_UNINITIALIZED_AUTOS = YES_AGGRESSIVE;
				GCC_WARN_UNUSED_FUNCTION = YES;
				GCC_WARN_UNUSED_VARIABLE = YES;
				IPHONEOS_DEPLOYMENT_TARGET = 16.1;
				MTL_ENABLE_DEBUG_INFO = INCLUDE_SOURCE;
				MTL_FAST_MATH = YES;
				ONLY_ACTIVE_ARCH = YES;
				SDKROOT = iphoneos;
				SWIFT_ACTIVE_COMPILATION_CONDITIONS = DEBUG;
				SWIFT_OPTIMIZATION_LEVEL = "-Onone";
			};
			name = Debug;
		};
		3889CCA52930384600DE8505 /* Release */ = {
			isa = XCBuildConfiguration;
			buildSettings = {
				ALWAYS_SEARCH_USER_PATHS = NO;
				CLANG_ANALYZER_NONNULL = YES;
				CLANG_ANALYZER_NUMBER_OBJECT_CONVERSION = YES_AGGRESSIVE;
				CLANG_CXX_LANGUAGE_STANDARD = "gnu++20";
				CLANG_ENABLE_MODULES = YES;
				CLANG_ENABLE_OBJC_ARC = YES;
				CLANG_ENABLE_OBJC_WEAK = YES;
				CLANG_WARN_BLOCK_CAPTURE_AUTORELEASING = YES;
				CLANG_WARN_BOOL_CONVERSION = YES;
				CLANG_WARN_COMMA = YES;
				CLANG_WARN_CONSTANT_CONVERSION = YES;
				CLANG_WARN_DEPRECATED_OBJC_IMPLEMENTATIONS = YES;
				CLANG_WARN_DIRECT_OBJC_ISA_USAGE = YES_ERROR;
				CLANG_WARN_DOCUMENTATION_COMMENTS = YES;
				CLANG_WARN_EMPTY_BODY = YES;
				CLANG_WARN_ENUM_CONVERSION = YES;
				CLANG_WARN_INFINITE_RECURSION = YES;
				CLANG_WARN_INT_CONVERSION = YES;
				CLANG_WARN_NON_LITERAL_NULL_CONVERSION = YES;
				CLANG_WARN_OBJC_IMPLICIT_RETAIN_SELF = YES;
				CLANG_WARN_OBJC_LITERAL_CONVERSION = YES;
				CLANG_WARN_OBJC_ROOT_CLASS = YES_ERROR;
				CLANG_WARN_QUOTED_INCLUDE_IN_FRAMEWORK_HEADER = YES;
				CLANG_WARN_RANGE_LOOP_ANALYSIS = YES;
				CLANG_WARN_STRICT_PROTOTYPES = YES;
				CLANG_WARN_SUSPICIOUS_MOVE = YES;
				CLANG_WARN_UNGUARDED_AVAILABILITY = YES_AGGRESSIVE;
				CLANG_WARN_UNREACHABLE_CODE = YES;
				CLANG_WARN__DUPLICATE_METHOD_MATCH = YES;
				COPY_PHASE_STRIP = NO;
				DEBUG_INFORMATION_FORMAT = "dwarf-with-dsym";
				ENABLE_NS_ASSERTIONS = NO;
				ENABLE_STRICT_OBJC_MSGSEND = YES;
				GCC_C_LANGUAGE_STANDARD = gnu11;
				GCC_NO_COMMON_BLOCKS = YES;
				GCC_WARN_64_TO_32_BIT_CONVERSION = YES;
				GCC_WARN_ABOUT_RETURN_TYPE = YES_ERROR;
				GCC_WARN_UNDECLARED_SELECTOR = YES;
				GCC_WARN_UNINITIALIZED_AUTOS = YES_AGGRESSIVE;
				GCC_WARN_UNUSED_FUNCTION = YES;
				GCC_WARN_UNUSED_VARIABLE = YES;
				IPHONEOS_DEPLOYMENT_TARGET = 16.1;
				MTL_ENABLE_DEBUG_INFO = NO;
				MTL_FAST_MATH = YES;
				SDKROOT = iphoneos;
				SWIFT_COMPILATION_MODE = wholemodule;
				SWIFT_OPTIMIZATION_LEVEL = "-O";
				VALIDATE_PRODUCT = YES;
			};
			name = Release;
		};
		3889CCA72930384600DE8505 /* Debug */ = {
			isa = XCBuildConfiguration;
			buildSettings = {
				ASSETCATALOG_COMPILER_APPICON_NAME = AppIcon;
				ASSETCATALOG_COMPILER_GLOBAL_ACCENT_COLOR_NAME = AccentColor;
				CODE_SIGN_STYLE = Automatic;
				CURRENT_PROJECT_VERSION = 1;
				DEVELOPMENT_TEAM = B4R97N34U3;
				GENERATE_INFOPLIST_FILE = YES;
				INFOPLIST_FILE = appRoleta/Info.plist;
				INFOPLIST_KEY_UIApplicationSupportsIndirectInputEvents = YES;
				INFOPLIST_KEY_UILaunchStoryboardName = LaunchScreen;
				INFOPLIST_KEY_UIMainStoryboardFile = Main;
				INFOPLIST_KEY_UISupportedInterfaceOrientations_iPad = "UIInterfaceOrientationPortrait UIInterfaceOrientationPortraitUpsideDown UIInterfaceOrientationLandscapeLeft UIInterfaceOrientationLandscapeRight";
				INFOPLIST_KEY_UISupportedInterfaceOrientations_iPhone = "UIInterfaceOrientationPortrait UIInterfaceOrientationLandscapeLeft UIInterfaceOrientationLandscapeRight";
				LD_RUNPATH_SEARCH_PATHS = (
					"$(inherited)",
					"@executable_path/Frameworks",
				);
				MARKETING_VERSION = 1.0;
				PRODUCT_BUNDLE_IDENTIFIER = com.a1.appRoleta;
				PRODUCT_NAME = "$(TARGET_NAME)";
				SWIFT_EMIT_LOC_STRINGS = YES;
				SWIFT_VERSION = 5.0;
				TARGETED_DEVICE_FAMILY = "1,2";
			};
			name = Debug;
		};
		3889CCA82930384600DE8505 /* Release */ = {
			isa = XCBuildConfiguration;
			buildSettings = {
				ASSETCATALOG_COMPILER_APPICON_NAME = AppIcon;
				ASSETCATALOG_COMPILER_GLOBAL_ACCENT_COLOR_NAME = AccentColor;
				CODE_SIGN_STYLE = Automatic;
				CURRENT_PROJECT_VERSION = 1;
				DEVELOPMENT_TEAM = B4R97N34U3;
				GENERATE_INFOPLIST_FILE = YES;
				INFOPLIST_FILE = appRoleta/Info.plist;
				INFOPLIST_KEY_UIApplicationSupportsIndirectInputEvents = YES;
				INFOPLIST_KEY_UILaunchStoryboardName = LaunchScreen;
				INFOPLIST_KEY_UIMainStoryboardFile = Main;
				INFOPLIST_KEY_UISupportedInterfaceOrientations_iPad = "UIInterfaceOrientationPortrait UIInterfaceOrientationPortraitUpsideDown UIInterfaceOrientationLandscapeLeft UIInterfaceOrientationLandscapeRight";
				INFOPLIST_KEY_UISupportedInterfaceOrientations_iPhone = "UIInterfaceOrientationPortrait UIInterfaceOrientationLandscapeLeft UIInterfaceOrientationLandscapeRight";
				LD_RUNPATH_SEARCH_PATHS = (
					"$(inherited)",
					"@executable_path/Frameworks",
				);
				MARKETING_VERSION = 1.0;
				PRODUCT_BUNDLE_IDENTIFIER = com.a1.appRoleta;
				PRODUCT_NAME = "$(TARGET_NAME)";
				SWIFT_EMIT_LOC_STRINGS = YES;
				SWIFT_VERSION = 5.0;
				TARGETED_DEVICE_FAMILY = "1,2";
			};
			name = Release;
		};
/* End XCBuildConfiguration section */

/* Begin XCConfigurationList section */
		3889CC8D2930384400DE8505 /* Build configuration list for PBXProject "appRoleta" */ = {
			isa = XCConfigurationList;
			buildConfigurations = (
				3889CCA42930384600DE8505 /* Debug */,
				3889CCA52930384600DE8505 /* Release */,
			);
			defaultConfigurationIsVisible = 0;
			defaultConfigurationName = Release;
		};
		3889CCA62930384600DE8505 /* Build configuration list for PBXNativeTarget "appRoleta" */ = {
			isa = XCConfigurationList;
			buildConfigurations = (
				3889CCA72930384600DE8505 /* Debug */,
				3889CCA82930384600DE8505 /* Release */,
			);
			defaultConfigurationIsVisible = 0;
			defaultConfigurationName = Release;
		};
/* End XCConfigurationList section */
	};
	rootObject = 3889CC8A2930384400DE8505 /* Project object */;
}
